// !$*UTF8*$!
{
	archiveVersion = 1;
	classes = {
	};
	objectVersion = 46;
	objects = {

/* Begin PBXBuildFile section */
		8E1F93ACE83883AD5FCF9108 /* Pods_MpegUrlKitTests.framework in Frameworks */ = {isa = PBXBuildFile; fileRef = ED180065F23846CC3A91C64A /* Pods_MpegUrlKitTests.framework */; };
		A4A641AD1E22BF9000C7539F /* MUKAttributeListTests.m in Sources */ = {isa = PBXBuildFile; fileRef = A4A641AB1E22BF9000C7539F /* MUKAttributeListTests.m */; };
		A4A641AE1E22BF9000C7539F /* NSString+MUKExtensionTests.m in Sources */ = {isa = PBXBuildFile; fileRef = A4A641AC1E22BF9000C7539F /* NSString+MUKExtensionTests.m */; };
		A4A641B21E22BF9D00C7539F /* MUKMediaEncryptTests.m in Sources */ = {isa = PBXBuildFile; fileRef = A4A641B01E22BF9D00C7539F /* MUKMediaEncryptTests.m */; };
		A4A641B31E22BF9D00C7539F /* MUKMediaPlaylistTests.m in Sources */ = {isa = PBXBuildFile; fileRef = A4A641B11E22BF9D00C7539F /* MUKMediaPlaylistTests.m */; };
/* End PBXBuildFile section */

/* Begin PBXFileReference section */
		4AE9402545CFBD8EB7AC48D2 /* Pods-MpegUrlKitTests.debug.xcconfig */ = {isa = PBXFileReference; includeInIndex = 1; lastKnownFileType = text.xcconfig; name = "Pods-MpegUrlKitTests.debug.xcconfig"; path = "Pods/Target Support Files/Pods-MpegUrlKitTests/Pods-MpegUrlKitTests.debug.xcconfig"; sourceTree = "<group>"; };
		6132FAB61BF5A1CB67998BFF /* Pods-MpegUrlKitTests.release.xcconfig */ = {isa = PBXFileReference; includeInIndex = 1; lastKnownFileType = text.xcconfig; name = "Pods-MpegUrlKitTests.release.xcconfig"; path = "Pods/Target Support Files/Pods-MpegUrlKitTests/Pods-MpegUrlKitTests.release.xcconfig"; sourceTree = "<group>"; };
		A4A641A21E22BF5D00C7539F /* MpegUrlKitTests.xctest */ = {isa = PBXFileReference; explicitFileType = wrapper.cfbundle; includeInIndex = 0; path = MpegUrlKitTests.xctest; sourceTree = BUILT_PRODUCTS_DIR; };
		A4A641A61E22BF5D00C7539F /* Info.plist */ = {isa = PBXFileReference; lastKnownFileType = text.plist.xml; path = Info.plist; sourceTree = "<group>"; };
		A4A641AA1E22BF9000C7539F /* MpegUrlKitTests-Prefix.pch */ = {isa = PBXFileReference; fileEncoding = 4; lastKnownFileType = sourcecode.c.h; path = "MpegUrlKitTests-Prefix.pch"; sourceTree = "<group>"; };
		A4A641AB1E22BF9000C7539F /* MUKAttributeListTests.m */ = {isa = PBXFileReference; fileEncoding = 4; lastKnownFileType = sourcecode.c.objc; path = MUKAttributeListTests.m; sourceTree = "<group>"; };
		A4A641AC1E22BF9000C7539F /* NSString+MUKExtensionTests.m */ = {isa = PBXFileReference; fileEncoding = 4; lastKnownFileType = sourcecode.c.objc; path = "NSString+MUKExtensionTests.m"; sourceTree = "<group>"; };
		A4A641B01E22BF9D00C7539F /* MUKMediaEncryptTests.m */ = {isa = PBXFileReference; fileEncoding = 4; lastKnownFileType = sourcecode.c.objc; name = MUKMediaEncryptTests.m; path = Models/MUKMediaEncryptTests.m; sourceTree = "<group>"; };
		A4A641B11E22BF9D00C7539F /* MUKMediaPlaylistTests.m */ = {isa = PBXFileReference; fileEncoding = 4; lastKnownFileType = sourcecode.c.objc; name = MUKMediaPlaylistTests.m; path = Models/MUKMediaPlaylistTests.m; sourceTree = "<group>"; };
		ED180065F23846CC3A91C64A /* Pods_MpegUrlKitTests.framework */ = {isa = PBXFileReference; explicitFileType = wrapper.framework; includeInIndex = 0; path = Pods_MpegUrlKitTests.framework; sourceTree = BUILT_PRODUCTS_DIR; };
/* End PBXFileReference section */

/* Begin PBXFrameworksBuildPhase section */
		A4A6419F1E22BF5D00C7539F /* Frameworks */ = {
			isa = PBXFrameworksBuildPhase;
			buildActionMask = 2147483647;
			files = (
				8E1F93ACE83883AD5FCF9108 /* Pods_MpegUrlKitTests.framework in Frameworks */,
			);
			runOnlyForDeploymentPostprocessing = 0;
		};
/* End PBXFrameworksBuildPhase section */

/* Begin PBXGroup section */
		5345906216E81F3A61F5E18B /* Frameworks */ = {
			isa = PBXGroup;
			children = (
				ED180065F23846CC3A91C64A /* Pods_MpegUrlKitTests.framework */,
			);
			name = Frameworks;
			sourceTree = "<group>";
		};
		A4A641A31E22BF5D00C7539F /* MpegUrlKitTests */ = {
			isa = PBXGroup;
			children = (
				A4A641AF1E22BF9200C7539F /* Models */,
				A4A641AA1E22BF9000C7539F /* MpegUrlKitTests-Prefix.pch */,
				A4A641AB1E22BF9000C7539F /* MUKAttributeListTests.m */,
				A4A641AC1E22BF9000C7539F /* NSString+MUKExtensionTests.m */,
				A4A641A61E22BF5D00C7539F /* Info.plist */,
			);
			path = MpegUrlKitTests;
			sourceTree = "<group>";
		};
		A4A641AF1E22BF9200C7539F /* Models */ = {
			isa = PBXGroup;
			children = (
				A4A641B01E22BF9D00C7539F /* MUKMediaEncryptTests.m */,
				A4A641B11E22BF9D00C7539F /* MUKMediaPlaylistTests.m */,
			);
			name = Models;
			sourceTree = "<group>";
		};
		A4CAA3441E1F837300628B88 = {
			isa = PBXGroup;
			children = (
				A4A641A21E22BF5D00C7539F /* MpegUrlKitTests.xctest */,
				A4A641A31E22BF5D00C7539F /* MpegUrlKitTests */,
				F2DFA32D63EB33426F040DE1 /* Pods */,
				5345906216E81F3A61F5E18B /* Frameworks */,
			);
			sourceTree = "<group>";
		};
		F2DFA32D63EB33426F040DE1 /* Pods */ = {
			isa = PBXGroup;
			children = (
				4AE9402545CFBD8EB7AC48D2 /* Pods-MpegUrlKitTests.debug.xcconfig */,
				6132FAB61BF5A1CB67998BFF /* Pods-MpegUrlKitTests.release.xcconfig */,
			);
			name = Pods;
			sourceTree = "<group>";
		};
/* End PBXGroup section */

/* Begin PBXNativeTarget section */
		A4A641A11E22BF5D00C7539F /* MpegUrlKitTests */ = {
			isa = PBXNativeTarget;
			buildConfigurationList = A4A641A71E22BF5D00C7539F /* Build configuration list for PBXNativeTarget "MpegUrlKitTests" */;
			buildPhases = (
				DCF60D2DFDC6F0608FC749CC /* [CP] Check Pods Manifest.lock */,
				A4A6419E1E22BF5D00C7539F /* Sources */,
				A4A6419F1E22BF5D00C7539F /* Frameworks */,
				A4A641A01E22BF5D00C7539F /* Resources */,
				8CEEFEB2E8B97B6BD0D5C246 /* [CP] Embed Pods Frameworks */,
				7836664CA2F0F64735EFFA8E /* [CP] Copy Pods Resources */,
			);
			buildRules = (
			);
			dependencies = (
			);
			name = MpegUrlKitTests;
			productName = MpegUrlKitTests;
			productReference = A4A641A21E22BF5D00C7539F /* MpegUrlKitTests.xctest */;
			productType = "com.apple.product-type.bundle.unit-test";
		};
/* End PBXNativeTarget section */

/* Begin PBXProject section */
		A4CAA3451E1F837300628B88 /* Project object */ = {
			isa = PBXProject;
			attributes = {
				LastUpgradeCheck = 0820;
				ORGANIZATIONNAME = "Hinagiku Soranoba";
				TargetAttributes = {
					A4A641A11E22BF5D00C7539F = {
						CreatedOnToolsVersion = 8.2.1;
						DevelopmentTeam = Q67BJ4H5A7;
						ProvisioningStyle = Automatic;
					};
				};
			};
			buildConfigurationList = A4CAA3481E1F837300628B88 /* Build configuration list for PBXProject "MpegUrlKit" */;
			compatibilityVersion = "Xcode 3.2";
			developmentRegion = English;
			hasScannedForEncodings = 0;
			knownRegions = (
				en,
			);
			mainGroup = A4CAA3441E1F837300628B88;
			productRefGroup = A4CAA3441E1F837300628B88;
			projectDirPath = "";
			projectRoot = "";
			targets = (
				A4A641A11E22BF5D00C7539F /* MpegUrlKitTests */,
			);
		};
/* End PBXProject section */

/* Begin PBXResourcesBuildPhase section */
		A4A641A01E22BF5D00C7539F /* Resources */ = {
			isa = PBXResourcesBuildPhase;
			buildActionMask = 2147483647;
			files = (
			);
			runOnlyForDeploymentPostprocessing = 0;
		};
/* End PBXResourcesBuildPhase section */

/* Begin PBXShellScriptBuildPhase section */
		7836664CA2F0F64735EFFA8E /* [CP] Copy Pods Resources */ = {
			isa = PBXShellScriptBuildPhase;
			buildActionMask = 2147483647;
			files = (
			);
			inputPaths = (
			);
			name = "[CP] Copy Pods Resources";
			outputPaths = (
			);
			runOnlyForDeploymentPostprocessing = 0;
			shellPath = /bin/sh;
			shellScript = "\"${SRCROOT}/Pods/Target Support Files/Pods-MpegUrlKitTests/Pods-MpegUrlKitTests-resources.sh\"\n";
			showEnvVarsInLog = 0;
		};
		8CEEFEB2E8B97B6BD0D5C246 /* [CP] Embed Pods Frameworks */ = {
			isa = PBXShellScriptBuildPhase;
			buildActionMask = 2147483647;
			files = (
			);
			inputPaths = (
			);
			name = "[CP] Embed Pods Frameworks";
			outputPaths = (
			);
			runOnlyForDeploymentPostprocessing = 0;
			shellPath = /bin/sh;
			shellScript = "\"${SRCROOT}/Pods/Target Support Files/Pods-MpegUrlKitTests/Pods-MpegUrlKitTests-frameworks.sh\"\n";
			showEnvVarsInLog = 0;
		};
		DCF60D2DFDC6F0608FC749CC /* [CP] Check Pods Manifest.lock */ = {
			isa = PBXShellScriptBuildPhase;
			buildActionMask = 2147483647;
			files = (
			);
			inputPaths = (
			);
			name = "[CP] Check Pods Manifest.lock";
			outputPaths = (
			);
			runOnlyForDeploymentPostprocessing = 0;
			shellPath = /bin/sh;
			shellScript = "diff \"${PODS_ROOT}/../Podfile.lock\" \"${PODS_ROOT}/Manifest.lock\" > /dev/null\nif [ $? != 0 ] ; then\n    # print error to STDERR\n    echo \"error: The sandbox is not in sync with the Podfile.lock. Run 'pod install' or update your CocoaPods installation.\" >&2\n    exit 1\nfi\n";
			showEnvVarsInLog = 0;
		};
/* End PBXShellScriptBuildPhase section */

/* Begin PBXSourcesBuildPhase section */
		A4A6419E1E22BF5D00C7539F /* Sources */ = {
			isa = PBXSourcesBuildPhase;
			buildActionMask = 2147483647;
			files = (
				A4A641AE1E22BF9000C7539F /* NSString+MUKExtensionTests.m in Sources */,
				A4A641AD1E22BF9000C7539F /* MUKAttributeListTests.m in Sources */,
				A4A641B21E22BF9D00C7539F /* MUKMediaEncryptTests.m in Sources */,
				A4A641B31E22BF9D00C7539F /* MUKMediaPlaylistTests.m in Sources */,
			);
			runOnlyForDeploymentPostprocessing = 0;
		};
/* End PBXSourcesBuildPhase section */

/* Begin XCBuildConfiguration section */
		A4A641A81E22BF5D00C7539F /* Debug */ = {
			isa = XCBuildConfiguration;
			baseConfigurationReference = 4AE9402545CFBD8EB7AC48D2 /* Pods-MpegUrlKitTests.debug.xcconfig */;
			buildSettings = {
				DEVELOPMENT_TEAM = Q67BJ4H5A7;
				GCC_PREFIX_HEADER = "MpegUrlKitTests/MpegUrlKitTests-Prefix.pch";
				INFOPLIST_FILE = MpegUrlKitTests/Info.plist;
				IPHONEOS_DEPLOYMENT_TARGET = 10.2;
				LD_RUNPATH_SEARCH_PATHS = "$(inherited) @executable_path/Frameworks @loader_path/Frameworks";
				PRODUCT_BUNDLE_IDENTIFIER = net.soranoba.MpegUrlKitTests;
				PRODUCT_NAME = "$(TARGET_NAME)";
			};
			name = Debug;
		};
		A4A641A91E22BF5D00C7539F /* Release */ = {
			isa = XCBuildConfiguration;
			baseConfigurationReference = 6132FAB61BF5A1CB67998BFF /* Pods-MpegUrlKitTests.release.xcconfig */;
			buildSettings = {
				DEVELOPMENT_TEAM = Q67BJ4H5A7;
				GCC_PREFIX_HEADER = "MpegUrlKitTests/MpegUrlKitTests-Prefix.pch";
				INFOPLIST_FILE = MpegUrlKitTests/Info.plist;
				IPHONEOS_DEPLOYMENT_TARGET = 10.2;
				LD_RUNPATH_SEARCH_PATHS = "$(inherited) @executable_path/Frameworks @loader_path/Frameworks";
				PRODUCT_BUNDLE_IDENTIFIER = net.soranoba.MpegUrlKitTests;
				PRODUCT_NAME = "$(TARGET_NAME)";
			};
			name = Release;
		};
		A4CAA3541E1F837300628B88 /* Debug */ = {
			isa = XCBuildConfiguration;
			buildSettings = {
				ALWAYS_SEARCH_USER_PATHS = NO;
				CLANG_ANALYZER_NONNULL = YES;
				CLANG_CXX_LANGUAGE_STANDARD = "gnu++0x";
				CLANG_CXX_LIBRARY = "libc++";
				CLANG_ENABLE_MODULES = YES;
				CLANG_ENABLE_OBJC_ARC = YES;
				CLANG_WARN_BOOL_CONVERSION = YES;
				CLANG_WARN_CONSTANT_CONVERSION = YES;
				CLANG_WARN_DIRECT_OBJC_ISA_USAGE = YES_ERROR;
				CLANG_WARN_DOCUMENTATION_COMMENTS = YES;
				CLANG_WARN_EMPTY_BODY = YES;
				CLANG_WARN_ENUM_CONVERSION = YES;
				CLANG_WARN_INFINITE_RECURSION = YES;
				CLANG_WARN_INT_CONVERSION = YES;
				CLANG_WARN_OBJC_ROOT_CLASS = YES_ERROR;
				CLANG_WARN_SUSPICIOUS_MOVE = YES;
				CLANG_WARN_UNREACHABLE_CODE = YES;
				CLANG_WARN__DUPLICATE_METHOD_MATCH = YES;
				"CODE_SIGN_IDENTITY[sdk=iphoneos*]" = "iPhone Developer";
				COPY_PHASE_STRIP = NO;
				CURRENT_PROJECT_VERSION = 1;
				DEBUG_INFORMATION_FORMAT = dwarf;
				ENABLE_STRICT_OBJC_MSGSEND = YES;
				ENABLE_TESTABILITY = YES;
				GCC_C_LANGUAGE_STANDARD = gnu99;
				GCC_DYNAMIC_NO_PIC = NO;
				GCC_NO_COMMON_BLOCKS = YES;
				GCC_OPTIMIZATION_LEVEL = 0;
				GCC_PREPROCESSOR_DEFINITIONS = (
					"DEBUG=1",
					"$(inherited)",
				);
				GCC_WARN_64_TO_32_BIT_CONVERSION = YES;
				GCC_WARN_ABOUT_RETURN_TYPE = YES_ERROR;
				GCC_WARN_UNDECLARED_SELECTOR = YES;
				GCC_WARN_UNINITIALIZED_AUTOS = YES_AGGRESSIVE;
				GCC_WARN_UNUSED_FUNCTION = YES;
				GCC_WARN_UNUSED_VARIABLE = YES;
				IPHONEOS_DEPLOYMENT_TARGET = 10.1;
				MTL_ENABLE_DEBUG_INFO = YES;
				ONLY_ACTIVE_ARCH = YES;
				SDKROOT = iphoneos;
				TARGETED_DEVICE_FAMILY = 1;
				VERSIONING_SYSTEM = "apple-generic";
				VERSION_INFO_PREFIX = "";
			};
			name = Debug;
		};
		A4CAA3551E1F837300628B88 /* Release */ = {
			isa = XCBuildConfiguration;
			buildSettings = {
				ALWAYS_SEARCH_USER_PATHS = NO;
				CLANG_ANALYZER_NONNULL = YES;
				CLANG_CXX_LANGUAGE_STANDARD = "gnu++0x";
				CLANG_CXX_LIBRARY = "libc++";
				CLANG_ENABLE_MODULES = YES;
				CLANG_ENABLE_OBJC_ARC = YES;
				CLANG_WARN_BOOL_CONVERSION = YES;
				CLANG_WARN_CONSTANT_CONVERSION = YES;
				CLANG_WARN_DIRECT_OBJC_ISA_USAGE = YES_ERROR;
				CLANG_WARN_DOCUMENTATION_COMMENTS = YES;
				CLANG_WARN_EMPTY_BODY = YES;
				CLANG_WARN_ENUM_CONVERSION = YES;
				CLANG_WARN_INFINITE_RECURSION = YES;
				CLANG_WARN_INT_CONVERSION = YES;
				CLANG_WARN_OBJC_ROOT_CLASS = YES_ERROR;
				CLANG_WARN_SUSPICIOUS_MOVE = YES;
				CLANG_WARN_UNREACHABLE_CODE = YES;
				CLANG_WARN__DUPLICATE_METHOD_MATCH = YES;
				"CODE_SIGN_IDENTITY[sdk=iphoneos*]" = "iPhone Developer";
				COPY_PHASE_STRIP = NO;
				CURRENT_PROJECT_VERSION = 1;
				DEBUG_INFORMATION_FORMAT = "dwarf-with-dsym";
				ENABLE_NS_ASSERTIONS = NO;
				ENABLE_STRICT_OBJC_MSGSEND = YES;
				GCC_C_LANGUAGE_STANDARD = gnu99;
				GCC_NO_COMMON_BLOCKS = YES;
				GCC_WARN_64_TO_32_BIT_CONVERSION = YES;
				GCC_WARN_ABOUT_RETURN_TYPE = YES_ERROR;
				GCC_WARN_UNDECLARED_SELECTOR = YES;
				GCC_WARN_UNINITIALIZED_AUTOS = YES_AGGRESSIVE;
				GCC_WARN_UNUSED_FUNCTION = YES;
				GCC_WARN_UNUSED_VARIABLE = YES;
				IPHONEOS_DEPLOYMENT_TARGET = 10.1;
				MTL_ENABLE_DEBUG_INFO = NO;
				SDKROOT = iphoneos;
				TARGETED_DEVICE_FAMILY = 1;
				VALIDATE_PRODUCT = YES;
				VERSIONING_SYSTEM = "apple-generic";
				VERSION_INFO_PREFIX = "";
			};
			name = Release;
		};
/* End XCBuildConfiguration section */

/* Begin XCConfigurationList section */
		A4A641A71E22BF5D00C7539F /* Build configuration list for PBXNativeTarget "MpegUrlKitTests" */ = {
			isa = XCConfigurationList;
			buildConfigurations = (
				A4A641A81E22BF5D00C7539F /* Debug */,
				A4A641A91E22BF5D00C7539F /* Release */,
			);
			defaultConfigurationIsVisible = 0;
		};
		A4CAA3481E1F837300628B88 /* Build configuration list for PBXProject "MpegUrlKit" */ = {
			isa = XCConfigurationList;
			buildConfigurations = (
				A4CAA3541E1F837300628B88 /* Debug */,
				A4CAA3551E1F837300628B88 /* Release */,
			);
			defaultConfigurationIsVisible = 0;
			defaultConfigurationName = Release;
		};
/* End XCConfigurationList section */
	};
	rootObject = A4CAA3451E1F837300628B88 /* Project object */;
}
